# Prisma Migrate lockfile v1

20200723030149-init
20200723045336-added-password
20200727014412-chesscourse
20200728165945-added_default_values
20200728203137-0-1
20200729102249-v-0-2
20200729122835-v03
20200729201732-v04
20200729210249-without-coures
20200729212732-clear
20200729212854-again
20200729213019-new
20200729222121-great
20200729222447-1
20200729222557-12
20200813165516-unique-lichess-id
20200813170212-email-custom
20200815095213-
20200815105445-price
20200815135015-curruculum
20200817132940-course-improve
20200817133705-improveagain
20200818122847-lessons-duration
20200819163200-added-role-teacher
20200819221308-added-order
20200819224205-added-orders
20200819231458-35
20200819231600-35
20200819231800-36
20200819232956-41