# Prisma Migrate lockfile v1

20200910225815-0-0-1
20200910231846-0-0-2
20200911133804-0-0-2
20200911134946-0-0-3
20200911135755-0-0-3
20200912234031-0-0-4
20200912234344-0-0-4
20200913185538-0-0-5
20200915174514-0-0-5
20200915234428-0-0-6
20200916010856-0-0-7
20201001205638-0-0-8
20201003070509-0-0-7
20201005182120-0-0-8
20201006132457-0-0-9
20201006134736-0-0-10
20201006154650-0-0-11
20201010154851-0-0-12
20201011113743-0-0-13
20201011123541-0-0-14
20201011132421-0-0-14
20201011140040-0-0-15
20201014210955-0-0-16
20201014212043
20201014225116-0-0-17
20201020020900-0-0-20
20201028001815-0-0-21
20201028004652-0-0-21
20201029000319-0-0-22
20201030181236-0-0-23
20201101093718-0-0-25
20201103042335-0-0-26
20201107113415-0-0-27